{
  "name": "galhud",
  "version": "1.0.0",
  "lockfileVersion": 2,
  "requires": true,
  "packages": {
    "": {
      "name": "galhud",
      "version": "1.0.0",
      "license": "ISC",
      "dependencies": {
        "book": "file:../book",
        "csstype": "",
        "dic": "file:../dic",
        "entity": "file:../entity",
        "form": "file:../form",
        "format": "file:../format",
        "galho": "file:../galho",
        "galhui": "file:../galhui",
        "handler": "file:../handler",
        "inutil": "file:../inutil",
        "jcalc": "file:../jcalc",
        "orray": "file:../orray"
      }
    },
    "../book": {
      "version": "1.0.0",
      "integrity": "sha1-+4vlJqP15hbcm5Qy73esXlvJS3w=",
      "devDependencies": {
        "mocha": ">=1.0.0"
      },
      "engines": {
        "node": "*"
      }
    },
    "../dic": {
      "version": "1.0.0",
      "license": "ISC"
    },
    "../entity": {
      "version": "1.0.0",
      "license": "ISC",
      "dependencies": {
        "orray": "file:../orray"
      }
    },
    "../entity/node_modules/orray": {
      "resolved": "../orray",
      "link": true
    },
    "../form": {
      "version": "1.0.0",
      "license": "ISC",
      "dependencies": {
        "dic": "file:../dic",
        "galho": "file:../galho",
        "galhui": "file:../galhui",
        "inutil": "file:../inutil"
      }
    },
    "../form/node_modules/galho": {
      "resolved": "../galho",
      "link": true
    },
    "../form/node_modules/galhui": {
      "resolved": "../galhui",
      "link": true
    },
    "../form/node_modules/inutil": {
      "resolved": "../inutil",
      "link": true
    },
    "../format": {
      "version": "1.0.0",
      "license": "MIT",
      "devDependencies": {}
    },
    "../galho": {
      "version": "1.0.3",
      "integrity": "sha512-rc/8FUz7T/lO/5kMMd8F8bXAjACmVdN9rmdYdJUuzjLAvxAOAtp/1Bv3Mx0BKolmQZ/vA070AAP0JAjTj9bgvg==",
      "dependencies": {
        "inutil": ""
      },
      "devDependencies": {
        "typescript": "^4.0.5"
      },
      "optionalDependencies": {
        "csstype": ""
      }
    },
    "../galho/node_modules/csstype": {
      "version": "3.0.8",
      "resolved": "https://registry.npmjs.org/csstype/-/csstype-3.0.8.tgz",
      "integrity": "sha512-jXKhWqXPmlUeoQnF/EhTtTl4C9SnrxSH/jZUih3jmO6lBKr99rP3/+FmrMj4EFpOXzMtXHAZkd3x0E6h6Fgflw==",
      "optional": true
    },
    "../galhui": {
      "version": "1.0.0",
      "license": "ISC",
      "dependencies": {
        "csstype": "^3.0.11",
        "dic": "file:../dic",
        "galho": "file:../galho",
        "handler": "file:../handler",
        "inutil": "file:../inutil",
        "orray": "file:../orray"
      }
    },
    "../galhui/node_modules/csstype": {
      "version": "3.0.11",
      "resolved": "https://registry.npmjs.org/csstype/-/csstype-3.0.11.tgz",
      "integrity": "sha512-sa6P2wJ+CAbgyy4KFssIb/JNMLxFvKF1pCYCSXS8ZMuqZnMsrxqI2E5sPyoTpxoPU/gVZMzr2zjOfg8GIZOMsw=="
    },
    "../galhui/node_modules/galho": {
      "resolved": "../galho",
      "link": true
    },
    "../galhui/node_modules/inutil": {
      "resolved": "../inutil",
      "link": true
    },
    "../galhui/node_modules/orray": {
      "resolved": "../orray",
      "link": true
    },
    "../handler": {
      "version": "1.0.0",
      "license": "ISC"
    },
    "../inutil": {
      "version": "1.0.3",
      "integrity": "sha512-2Fc1Ojgkd/It1NnuO0WXfGWO29BFNuPmDx05aaqPa8K5lc6jQaTJQFgWafwfAdbsObWkJhdv6QDslP08g3GtPw=="
    },
    "../jcalc": {
      "version": "1.0.1",
      "integrity": "sha512-LtwvGQo4jPlaqfCBG4jGhvGgdgNUWuNfKe0VoTgIG3BoPPSJSWwwch5CwA4k+32sSmP7jTcwLAS6dgH0rL7VlQ=="
    },
    "../orray": {
      "version": "1.0.1",
      "integrity": "sha512-GtSvdY42wGIeUWOm2YAjEjlWKCPErwmH5HtTlzC6MAvsaUskS9E27rrZ8dSiPReixCe/ktsv6cmN2AaVsUZHYw==",
      "dependencies": {
        "inutil": ""
      },
      "devDependencies": {
        "typescript": "^4.0.5"
      },
      "optionalDependencies": {
        "galho": ""
      }
    },
    "node_modules/book": {
      "resolved": "../book",
      "link": true
    },
    "node_modules/csstype": {
      "version": "3.0.10",
      "resolved": "https://registry.npmjs.org/csstype/-/csstype-3.0.10.tgz",
      "integrity": "sha512-2u44ZG2OcNUO9HDp/Jl8C07x6pU/eTR3ncV91SiK3dhG9TWvRVsCoJw14Ckx5DgWkzGA3waZWO3d7pgqpUI/XA=="
    },
    "node_modules/dic": {
      "resolved": "../dic",
      "link": true
    },
    "node_modules/entity": {
      "resolved": "../entity",
      "link": true
    },
    "node_modules/form": {
      "resolved": "../form",
      "link": true
    },
    "node_modules/format": {
      "resolved": "../format",
      "link": true
    },
    "node_modules/galho": {
      "resolved": "../galho",
      "link": true
    },
    "node_modules/galhui": {
      "resolved": "../galhui",
      "link": true
    },
    "node_modules/handler": {
      "resolved": "../handler",
      "link": true
    },
    "node_modules/inutil": {
      "resolved": "../inutil",
      "link": true
    },
    "node_modules/jcalc": {
      "resolved": "../jcalc",
      "link": true
    },
    "node_modules/orray": {
      "resolved": "../orray",
      "link": true
    }
  },
  "dependencies": {
    "book": {
      "version": "file:../book",
      "requires": {
        "mocha": ">=1.0.0"
      }
    },
    "csstype": {
      "version": "3.0.10",
      "resolved": "https://registry.npmjs.org/csstype/-/csstype-3.0.10.tgz",
      "integrity": "sha512-2u44ZG2OcNUO9HDp/Jl8C07x6pU/eTR3ncV91SiK3dhG9TWvRVsCoJw14Ckx5DgWkzGA3waZWO3d7pgqpUI/XA=="
    },
    "dic": {
      "version": "file:../dic"
    },
    "entity": {
      "version": "file:../entity",
      "requires": {
        "orray": "file:../orray"
      },
      "dependencies": {
        "orray": {
          "version": "file:../orray",
          "requires": {
            "galho": "",
            "inutil": "",
            "typescript": "^4.0.5"
          }
        }
      }
    },
    "form": {
      "version": "file:../form",
      "requires": {
        "dic": "file:../dic",
        "galho": "file:../galho",
        "galhui": "file:../galhui",
        "inutil": "file:../inutil"
      },
      "dependencies": {
        "galho": {
          "version": "file:../galho",
          "requires": {
            "csstype": "",
            "inutil": "",
            "typescript": "^4.0.5"
          },
          "dependencies": {
            "csstype": {
              "version": "3.0.8",
              "resolved": "https://registry.npmjs.org/csstype/-/csstype-3.0.8.tgz",
              "integrity": "sha512-jXKhWqXPmlUeoQnF/EhTtTl4C9SnrxSH/jZUih3jmO6lBKr99rP3/+FmrMj4EFpOXzMtXHAZkd3x0E6h6Fgflw==",
              "optional": true
            }
          }
        },
        "galhui": {
          "version": "file:../galhui",
          "requires": {
            "csstype": "^3.0.11",
            "dic": "file:../dic",
            "galho": "file:../galho",
            "handler": "file:../handler",
            "inutil": "file:../inutil",
            "orray": "file:../orray"
          },
          "dependencies": {
            "csstype": {
              "version": "3.0.11",
              "resolved": "https://registry.npmjs.org/csstype/-/csstype-3.0.11.tgz",
              "integrity": "sha512-sa6P2wJ+CAbgyy4KFssIb/JNMLxFvKF1pCYCSXS8ZMuqZnMsrxqI2E5sPyoTpxoPU/gVZMzr2zjOfg8GIZOMsw=="
            },
            "galho": {
              "version": "file:../galho",
              "requires": {
                "csstype": "",
                "inutil": "",
                "typescript": "^4.0.5"
              },
              "dependencies": {
                "csstype": {
                  "version": "3.0.8",
                  "resolved": "https://registry.npmjs.org/csstype/-/csstype-3.0.8.tgz",
                  "integrity": "sha512-jXKhWqXPmlUeoQnF/EhTtTl4C9SnrxSH/jZUih3jmO6lBKr99rP3/+FmrMj4EFpOXzMtXHAZkd3x0E6h6Fgflw==",
                  "optional": true
                }
              }
            },
            "inutil": {
              "version": "file:../inutil"
            },
            "orray": {
              "version": "file:../orray",
              "requires": {
                "galho": "",
                "inutil": "",
                "typescript": "^4.0.5"
              }
            }
          }
        },
        "inutil": {
          "version": "file:../inutil"
        }
      }
    },
    "format": {
      "version": "file:../format"
    },
    "galho": {
      "version": "file:../galho",
      "requires": {
        "csstype": "",
        "inutil": "",
        "typescript": "^4.0.5"
      },
      "dependencies": {
        "csstype": {
          "version": "3.0.8",
          "resolved": "https://registry.npmjs.org/csstype/-/csstype-3.0.8.tgz",
          "integrity": "sha512-jXKhWqXPmlUeoQnF/EhTtTl4C9SnrxSH/jZUih3jmO6lBKr99rP3/+FmrMj4EFpOXzMtXHAZkd3x0E6h6Fgflw==",
          "optional": true
        }
      }
    },
    "galhui": {
      "version": "file:../galhui",
      "requires": {
        "csstype": "^3.0.11",
        "dic": "file:../dic",
        "galho": "file:../galho",
        "handler": "file:../handler",
        "inutil": "file:../inutil",
        "orray": "file:../orray"
      },
      "dependencies": {
        "csstype": {
          "version": "3.0.11",
          "resolved": "https://registry.npmjs.org/csstype/-/csstype-3.0.11.tgz",
          "integrity": "sha512-sa6P2wJ+CAbgyy4KFssIb/JNMLxFvKF1pCYCSXS8ZMuqZnMsrxqI2E5sPyoTpxoPU/gVZMzr2zjOfg8GIZOMsw=="
        },
        "galho": {
          "version": "file:../galho",
          "requires": {
            "csstype": "",
            "inutil": "",
            "typescript": "^4.0.5"
          },
          "dependencies": {
            "csstype": {
              "version": "3.0.8",
              "resolved": "https://registry.npmjs.org/csstype/-/csstype-3.0.8.tgz",
              "integrity": "sha512-jXKhWqXPmlUeoQnF/EhTtTl4C9SnrxSH/jZUih3jmO6lBKr99rP3/+FmrMj4EFpOXzMtXHAZkd3x0E6h6Fgflw==",
              "optional": true
            }
          }
        },
        "inutil": {
          "version": "file:../inutil"
        },
        "orray": {
          "version": "file:../orray",
          "requires": {
            "galho": "",
            "inutil": "",
            "typescript": "^4.0.5"
          }
        }
      }
    },
    "handler": {
      "version": "file:../handler"
    },
    "inutil": {
      "version": "file:../inutil"
    },
    "jcalc": {
      "version": "file:../jcalc"
    },
    "orray": {
      "version": "file:../orray",
      "requires": {
        "galho": "",
        "inutil": "",
        "typescript": "^4.0.5"
      }
    }
  }
}
